
Microsoft Visual Studio Solution File, Format Version 12.00
# Visual Studio Version 17
VisualStudioVersion = 17.11.35222.181
MinimumVisualStudioVersion = 10.0.40219.1
Project("{9A19103F-16F7-4668-BE54-9A1E7A4F7556}") = "Week2", "Week2\Week2.csproj", "{32D0B06E-095D-4E13-8E09-D2B7F7607447}"
EndProject
Project("{9A19103F-16F7-4668-BE54-9A1E7A4F7556}") = "UserGenderValidation", "UserAgeValidation\UserGenderValidation.csproj", "{FC86EA11-6809-4B69-B23D-05522E50E4F1}"
EndProject
Project("{FAE04EC0-301F-11D3-BF4B-00C04F79EFBC}") = "UserAgeValidation1", "UserAgeValidation1\UserAgeValidation1.csproj", "{046FC1D2-EB58-4BF4-8041-3DDD9E75FB5B}"
EndProject
Global
	GlobalSection(SolutionConfigurationPlatforms) = preSolution
		Debug|Any CPU = Debug|Any CPU
		Release|Any CPU = Release|Any CPU
	EndGlobalSection
	GlobalSection(ProjectConfigurationPlatforms) = postSolution
		{32D0B06E-095D-4E13-8E09-D2B7F7607447}.Debug|Any CPU.ActiveCfg = Debug|Any CPU
		{32D0B06E-095D-4E13-8E09-D2B7F7607447}.Debug|Any CPU.Build.0 = Debug|Any CPU
		{32D0B06E-095D-4E13-8E09-D2B7F7607447}.Release|Any CPU.ActiveCfg = Release|Any CPU
		{32D0B06E-095D-4E13-8E09-D2B7F7607447}.Release|Any CPU.Build.0 = Release|Any CPU
		{FC86EA11-6809-4B69-B23D-05522E50E4F1}.Debug|Any CPU.ActiveCfg = Debug|Any CPU
		{FC86EA11-6809-4B69-B23D-05522E50E4F1}.Debug|Any CPU.Build.0 = Debug|Any CPU
		{FC86EA11-6809-4B69-B23D-05522E50E4F1}.Release|Any CPU.ActiveCfg = Release|Any CPU
		{FC86EA11-6809-4B69-B23D-05522E50E4F1}.Release|Any CPU.Build.0 = Release|Any CPU
		{046FC1D2-EB58-4BF4-8041-3DDD9E75FB5B}.Debug|Any CPU.ActiveCfg = Debug|Any CPU
		{046FC1D2-EB58-4BF4-8041-3DDD9E75FB5B}.Debug|Any CPU.Build.0 = Debug|Any CPU
		{046FC1D2-EB58-4BF4-8041-3DDD9E75FB5B}.Release|Any CPU.ActiveCfg = Release|Any CPU
		{046FC1D2-EB58-4BF4-8041-3DDD9E75FB5B}.Release|Any CPU.Build.0 = Release|Any CPU
	EndGlobalSection
	GlobalSection(SolutionProperties) = preSolution
		HideSolutionNode = FALSE
	EndGlobalSection
	GlobalSection(ExtensibilityGlobals) = postSolution
		SolutionGuid = {0E3A170E-4AA2-4DF2-9656-2A8B563BC2F5}
	EndGlobalSection
EndGlobal
